// !$*UTF8*$!
{
	archiveVersion = 1;
	classes = {
	};
	objectVersion = 50;
	objects = {

/* Begin PBXBuildFile section */
		0113B18B2182EC900095E7C0 /* PWChargeModule.m in Sources */ = {isa = PBXBuildFile; fileRef = 0113B18A2182EC900095E7C0 /* PWChargeModule.m */; };
		0113B18F2182EDF10095E7C0 /* PWTicketModule.m in Sources */ = {isa = PBXBuildFile; fileRef = 0113B18E2182EDF10095E7C0 /* PWTicketModule.m */; };
		0113B1942182F8870095E7C0 /* PWNavigationModule.m in Sources */ = {isa = PBXBuildFile; fileRef = 0113B1932182F8870095E7C0 /* PWNavigationModule.m */; };
		012ECB17215B1B7E00B22CA8 /* PWUUIDManager.m in Sources */ = {isa = PBXBuildFile; fileRef = 012ECB16215B1B7E00B22CA8 /* PWUUIDManager.m */; };
		01335DA72154874800F773E4 /* AVFoundation.framework in Frameworks */ = {isa = PBXBuildFile; fileRef = 01335DA62154874800F773E4 /* AVFoundation.framework */; };
		01335DB321548C1600F773E4 /* PWChannelPlayer.m in Sources */ = {isa = PBXBuildFile; fileRef = 01335DB221548C1600F773E4 /* PWChannelPlayer.m */; };
		01335DB621548C2F00F773E4 /* PWChannelParameters.m in Sources */ = {isa = PBXBuildFile; fileRef = 01335DB521548C2F00F773E4 /* PWChannelParameters.m */; };
		01335DB921548EAE00F773E4 /* PWChannelState.m in Sources */ = {isa = PBXBuildFile; fileRef = 01335DB821548EAE00F773E4 /* PWChannelState.m */; };
		01335DBC2154944B00F773E4 /* PWChannelManager.m in Sources */ = {isa = PBXBuildFile; fileRef = 01335DBB2154944B00F773E4 /* PWChannelManager.m */; };
		01335DC02154C35000F773E4 /* PWModuleManager.m in Sources */ = {isa = PBXBuildFile; fileRef = 01335DBF2154C35000F773E4 /* PWModuleManager.m */; };
		01335DC32154C36000F773E4 /* PWBaseModule.m in Sources */ = {isa = PBXBuildFile; fileRef = 01335DC22154C36000F773E4 /* PWBaseModule.m */; };
		01335DCA2154DB4C00F773E4 /* PWMessageQueue.m in Sources */ = {isa = PBXBuildFile; fileRef = 01335DC92154DB4C00F773E4 /* PWMessageQueue.m */; };
		014538E7214B564F00E792AF /* PWDCSFramework.m in Sources */ = {isa = PBXBuildFile; fileRef = 014538E6214B564F00E792AF /* PWDCSFramework.m */; };
		014538E8214B564F00E792AF /* PWDCSFramework.h in CopyFiles */ = {isa = PBXBuildFile; fileRef = 014538E5214B564F00E792AF /* PWDCSFramework.h */; };
		0157F746216070DB00FE4B4E /* PWAudioPlayerModule.m in Sources */ = {isa = PBXBuildFile; fileRef = 0157F745216070DB00FE4B4E /* PWAudioPlayerModule.m */; };
		0157F749216077D000FE4B4E /* PWVoiceOutputModule.m in Sources */ = {isa = PBXBuildFile; fileRef = 0157F748216077D000FE4B4E /* PWVoiceOutputModule.m */; };
		0157F74C2160A22600FE4B4E /* PWSynthesisPlayer.m in Sources */ = {isa = PBXBuildFile; fileRef = 0157F74B2160A22600FE4B4E /* PWSynthesisPlayer.m */; };
		0157F7502160AF3100FE4B4E /* PWSandBoxHelper.m in Sources */ = {isa = PBXBuildFile; fileRef = 0157F74F2160AA3800FE4B4E /* PWSandBoxHelper.m */; };
		0161C0C2215B7F930041581C /* PWConstants.m in Sources */ = {isa = PBXBuildFile; fileRef = 0161C0C1215B7F930041581C /* PWConstants.m */; };
		0161C0CB215B90170041581C /* PWScreenModule.m in Sources */ = {isa = PBXBuildFile; fileRef = 0161C0CA215B90170041581C /* PWScreenModule.m */; };
		0161C0CE215B902F0041581C /* PWSystemModule.m in Sources */ = {isa = PBXBuildFile; fileRef = 0161C0CD215B902F0041581C /* PWSystemModule.m */; };
		0161C0D1215B90570041581C /* PWSpeakControllerModule.m in Sources */ = {isa = PBXBuildFile; fileRef = 0161C0D0215B90570041581C /* PWSpeakControllerModule.m */; };
		0161C0D4215B90750041581C /* PWVoiceRecognizeModule.m in Sources */ = {isa = PBXBuildFile; fileRef = 0161C0D3215B90750041581C /* PWVoiceRecognizeModule.m */; };
		01913E38215888D300D0EFF4 /* PWFramework.m in Sources */ = {isa = PBXBuildFile; fileRef = 01913E37215888D300D0EFF4 /* PWFramework.m */; };
		01913E3C2158D15F00D0EFF4 /* PWHttpManager.m in Sources */ = {isa = PBXBuildFile; fileRef = 01913E3B2158D15F00D0EFF4 /* PWHttpManager.m */; };
		01913E3F2158D87C00D0EFF4 /* PWHTextInputRequest.m in Sources */ = {isa = PBXBuildFile; fileRef = 01913E3E2158D87C00D0EFF4 /* PWHTextInputRequest.m */; };
		01913E422158D89000D0EFF4 /* PWBTextInputRequest.m in Sources */ = {isa = PBXBuildFile; fileRef = 01913E412158D89000D0EFF4 /* PWBTextInputRequest.m */; };
/* End PBXBuildFile section */

/* Begin PBXCopyFilesBuildPhase section */
		014538E0214B564F00E792AF /* CopyFiles */ = {
			isa = PBXCopyFilesBuildPhase;
			buildActionMask = 2147483647;
			dstPath = "include/$(PRODUCT_NAME)";
			dstSubfolderSpec = 16;
			files = (
				014538E8214B564F00E792AF /* PWDCSFramework.h in CopyFiles */,
			);
			runOnlyForDeploymentPostprocessing = 0;
		};
/* End PBXCopyFilesBuildPhase section */

/* Begin PBXFileReference section */
		0113B1892182EC900095E7C0 /* PWChargeModule.h */ = {isa = PBXFileReference; lastKnownFileType = sourcecode.c.h; path = PWChargeModule.h; sourceTree = "<group>"; };
		0113B18A2182EC900095E7C0 /* PWChargeModule.m */ = {isa = PBXFileReference; lastKnownFileType = sourcecode.c.objc; path = PWChargeModule.m; sourceTree = "<group>"; };
		0113B18D2182EDF10095E7C0 /* PWTicketModule.h */ = {isa = PBXFileReference; lastKnownFileType = sourcecode.c.h; path = PWTicketModule.h; sourceTree = "<group>"; };
		0113B18E2182EDF10095E7C0 /* PWTicketModule.m */ = {isa = PBXFileReference; lastKnownFileType = sourcecode.c.objc; path = PWTicketModule.m; sourceTree = "<group>"; };
		0113B1922182F8870095E7C0 /* PWNavigationModule.h */ = {isa = PBXFileReference; lastKnownFileType = sourcecode.c.h; path = PWNavigationModule.h; sourceTree = "<group>"; };
		0113B1932182F8870095E7C0 /* PWNavigationModule.m */ = {isa = PBXFileReference; lastKnownFileType = sourcecode.c.objc; path = PWNavigationModule.m; sourceTree = "<group>"; };
		012ECB15215B1B7E00B22CA8 /* PWUUIDManager.h */ = {isa = PBXFileReference; lastKnownFileType = sourcecode.c.h; path = PWUUIDManager.h; sourceTree = "<group>"; };
		012ECB16215B1B7E00B22CA8 /* PWUUIDManager.m */ = {isa = PBXFileReference; lastKnownFileType = sourcecode.c.objc; path = PWUUIDManager.m; sourceTree = "<group>"; };
		01335DA62154874800F773E4 /* AVFoundation.framework */ = {isa = PBXFileReference; lastKnownFileType = wrapper.framework; name = AVFoundation.framework; path = System/Library/Frameworks/AVFoundation.framework; sourceTree = SDKROOT; };
		01335DAF2154881D00F773E4 /* PWEnum.h */ = {isa = PBXFileReference; fileEncoding = 4; lastKnownFileType = sourcecode.c.h; path = PWEnum.h; sourceTree = "<group>"; };
		01335DB121548C1600F773E4 /* PWChannelPlayer.h */ = {isa = PBXFileReference; lastKnownFileType = sourcecode.c.h; path = PWChannelPlayer.h; sourceTree = "<group>"; };
		01335DB221548C1600F773E4 /* PWChannelPlayer.m */ = {isa = PBXFileReference; lastKnownFileType = sourcecode.c.objc; path = PWChannelPlayer.m; sourceTree = "<group>"; };
		01335DB421548C2F00F773E4 /* PWChannelParameters.h */ = {isa = PBXFileReference; lastKnownFileType = sourcecode.c.h; path = PWChannelParameters.h; sourceTree = "<group>"; };
		01335DB521548C2F00F773E4 /* PWChannelParameters.m */ = {isa = PBXFileReference; lastKnownFileType = sourcecode.c.objc; path = PWChannelParameters.m; sourceTree = "<group>"; };
		01335DB721548EAE00F773E4 /* PWChannelState.h */ = {isa = PBXFileReference; lastKnownFileType = sourcecode.c.h; path = PWChannelState.h; sourceTree = "<group>"; };
		01335DB821548EAE00F773E4 /* PWChannelState.m */ = {isa = PBXFileReference; lastKnownFileType = sourcecode.c.objc; path = PWChannelState.m; sourceTree = "<group>"; };
		01335DBA2154944B00F773E4 /* PWChannelManager.h */ = {isa = PBXFileReference; lastKnownFileType = sourcecode.c.h; path = PWChannelManager.h; sourceTree = "<group>"; };
		01335DBB2154944B00F773E4 /* PWChannelManager.m */ = {isa = PBXFileReference; lastKnownFileType = sourcecode.c.objc; path = PWChannelManager.m; sourceTree = "<group>"; };
		01335DBE2154C35000F773E4 /* PWModuleManager.h */ = {isa = PBXFileReference; lastKnownFileType = sourcecode.c.h; path = PWModuleManager.h; sourceTree = "<group>"; };
		01335DBF2154C35000F773E4 /* PWModuleManager.m */ = {isa = PBXFileReference; lastKnownFileType = sourcecode.c.objc; path = PWModuleManager.m; sourceTree = "<group>"; };
		01335DC12154C36000F773E4 /* PWBaseModule.h */ = {isa = PBXFileReference; lastKnownFileType = sourcecode.c.h; path = PWBaseModule.h; sourceTree = "<group>"; };
		01335DC22154C36000F773E4 /* PWBaseModule.m */ = {isa = PBXFileReference; lastKnownFileType = sourcecode.c.objc; path = PWBaseModule.m; sourceTree = "<group>"; };
		01335DC82154DB4C00F773E4 /* PWMessageQueue.h */ = {isa = PBXFileReference; lastKnownFileType = sourcecode.c.h; path = PWMessageQueue.h; sourceTree = "<group>"; };
		01335DC92154DB4C00F773E4 /* PWMessageQueue.m */ = {isa = PBXFileReference; lastKnownFileType = sourcecode.c.objc; path = PWMessageQueue.m; sourceTree = "<group>"; };
		014538E2214B564F00E792AF /* libPWDCSFramework.a */ = {isa = PBXFileReference; explicitFileType = archive.ar; includeInIndex = 0; path = libPWDCSFramework.a; sourceTree = BUILT_PRODUCTS_DIR; };
		014538E5214B564F00E792AF /* PWDCSFramework.h */ = {isa = PBXFileReference; lastKnownFileType = sourcecode.c.h; path = PWDCSFramework.h; sourceTree = "<group>"; };
		014538E6214B564F00E792AF /* PWDCSFramework.m */ = {isa = PBXFileReference; lastKnownFileType = sourcecode.c.objc; path = PWDCSFramework.m; sourceTree = "<group>"; };
		0157F744216070DB00FE4B4E /* PWAudioPlayerModule.h */ = {isa = PBXFileReference; lastKnownFileType = sourcecode.c.h; path = PWAudioPlayerModule.h; sourceTree = "<group>"; };
		0157F745216070DB00FE4B4E /* PWAudioPlayerModule.m */ = {isa = PBXFileReference; lastKnownFileType = sourcecode.c.objc; path = PWAudioPlayerModule.m; sourceTree = "<group>"; };
		0157F747216077D000FE4B4E /* PWVoiceOutputModule.h */ = {isa = PBXFileReference; lastKnownFileType = sourcecode.c.h; path = PWVoiceOutputModule.h; sourceTree = "<group>"; };
		0157F748216077D000FE4B4E /* PWVoiceOutputModule.m */ = {isa = PBXFileReference; lastKnownFileType = sourcecode.c.objc; path = PWVoiceOutputModule.m; sourceTree = "<group>"; };
		0157F74A2160A22600FE4B4E /* PWSynthesisPlayer.h */ = {isa = PBXFileReference; lastKnownFileType = sourcecode.c.h; path = PWSynthesisPlayer.h; sourceTree = "<group>"; };
		0157F74B2160A22600FE4B4E /* PWSynthesisPlayer.m */ = {isa = PBXFileReference; lastKnownFileType = sourcecode.c.objc; path = PWSynthesisPlayer.m; sourceTree = "<group>"; };
		0157F74E2160AA3800FE4B4E /* PWSandBoxHelper.h */ = {isa = PBXFileReference; lastKnownFileType = sourcecode.c.h; path = PWSandBoxHelper.h; sourceTree = "<group>"; };
		0157F74F2160AA3800FE4B4E /* PWSandBoxHelper.m */ = {isa = PBXFileReference; lastKnownFileType = sourcecode.c.objc; path = PWSandBoxHelper.m; sourceTree = "<group>"; };
		0161C0C0215B7F930041581C /* PWConstants.h */ = {isa = PBXFileReference; lastKnownFileType = sourcecode.c.h; path = PWConstants.h; sourceTree = "<group>"; };
		0161C0C1215B7F930041581C /* PWConstants.m */ = {isa = PBXFileReference; lastKnownFileType = sourcecode.c.objc; path = PWConstants.m; sourceTree = "<group>"; };
		0161C0C9215B90170041581C /* PWScreenModule.h */ = {isa = PBXFileReference; lastKnownFileType = sourcecode.c.h; path = PWScreenModule.h; sourceTree = "<group>"; };
		0161C0CA215B90170041581C /* PWScreenModule.m */ = {isa = PBXFileReference; lastKnownFileType = sourcecode.c.objc; path = PWScreenModule.m; sourceTree = "<group>"; };
		0161C0CC215B902F0041581C /* PWSystemModule.h */ = {isa = PBXFileReference; lastKnownFileType = sourcecode.c.h; path = PWSystemModule.h; sourceTree = "<group>"; };
		0161C0CD215B902F0041581C /* PWSystemModule.m */ = {isa = PBXFileReference; lastKnownFileType = sourcecode.c.objc; path = PWSystemModule.m; sourceTree = "<group>"; };
		0161C0CF215B90570041581C /* PWSpeakControllerModule.h */ = {isa = PBXFileReference; lastKnownFileType = sourcecode.c.h; path = PWSpeakControllerModule.h; sourceTree = "<group>"; };
		0161C0D0215B90570041581C /* PWSpeakControllerModule.m */ = {isa = PBXFileReference; lastKnownFileType = sourcecode.c.objc; path = PWSpeakControllerModule.m; sourceTree = "<group>"; };
		0161C0D2215B90750041581C /* PWVoiceRecognizeModule.h */ = {isa = PBXFileReference; lastKnownFileType = sourcecode.c.h; path = PWVoiceRecognizeModule.h; sourceTree = "<group>"; };
		0161C0D3215B90750041581C /* PWVoiceRecognizeModule.m */ = {isa = PBXFileReference; lastKnownFileType = sourcecode.c.objc; path = PWVoiceRecognizeModule.m; sourceTree = "<group>"; };
		01913E36215888D300D0EFF4 /* PWFramework.h */ = {isa = PBXFileReference; lastKnownFileType = sourcecode.c.h; path = PWFramework.h; sourceTree = "<group>"; };
		01913E37215888D300D0EFF4 /* PWFramework.m */ = {isa = PBXFileReference; lastKnownFileType = sourcecode.c.objc; path = PWFramework.m; sourceTree = "<group>"; };
		01913E3A2158D15F00D0EFF4 /* PWHttpManager.h */ = {isa = PBXFileReference; lastKnownFileType = sourcecode.c.h; path = PWHttpManager.h; sourceTree = "<group>"; };
		01913E3B2158D15F00D0EFF4 /* PWHttpManager.m */ = {isa = PBXFileReference; lastKnownFileType = sourcecode.c.objc; path = PWHttpManager.m; sourceTree = "<group>"; };
		01913E3D2158D87C00D0EFF4 /* PWHTextInputRequest.h */ = {isa = PBXFileReference; lastKnownFileType = sourcecode.c.h; path = PWHTextInputRequest.h; sourceTree = "<group>"; };
		01913E3E2158D87C00D0EFF4 /* PWHTextInputRequest.m */ = {isa = PBXFileReference; lastKnownFileType = sourcecode.c.objc; path = PWHTextInputRequest.m; sourceTree = "<group>"; };
		01913E402158D89000D0EFF4 /* PWBTextInputRequest.h */ = {isa = PBXFileReference; lastKnownFileType = sourcecode.c.h; path = PWBTextInputRequest.h; sourceTree = "<group>"; };
		01913E412158D89000D0EFF4 /* PWBTextInputRequest.m */ = {isa = PBXFileReference; lastKnownFileType = sourcecode.c.objc; path = PWBTextInputRequest.m; sourceTree = "<group>"; };
/* End PBXFileReference section */

/* Begin PBXFrameworksBuildPhase section */
		014538DF214B564F00E792AF /* Frameworks */ = {
			isa = PBXFrameworksBuildPhase;
			buildActionMask = 2147483647;
			files = (
				01335DA72154874800F773E4 /* AVFoundation.framework in Frameworks */,
			);
			runOnlyForDeploymentPostprocessing = 0;
		};
/* End PBXFrameworksBuildPhase section */

/* Begin PBXGroup section */
		0113B1882182EC7C0095E7C0 /* charge */ = {
			isa = PBXGroup;
			children = (
				0113B1892182EC900095E7C0 /* PWChargeModule.h */,
				0113B18A2182EC900095E7C0 /* PWChargeModule.m */,
			);
			path = charge;
			sourceTree = "<group>";
		};
		0113B18C2182EDDD0095E7C0 /* ticket */ = {
			isa = PBXGroup;
			children = (
				0113B18D2182EDF10095E7C0 /* PWTicketModule.h */,
				0113B18E2182EDF10095E7C0 /* PWTicketModule.m */,
			);
			path = ticket;
			sourceTree = "<group>";
		};
		0113B1912182F8720095E7C0 /* navigation */ = {
			isa = PBXGroup;
			children = (
				0113B1922182F8870095E7C0 /* PWNavigationModule.h */,
				0113B1932182F8870095E7C0 /* PWNavigationModule.m */,
			);
			path = navigation;
			sourceTree = "<group>";
		};
		012ECB14215B1B6E00B22CA8 /* uuid */ = {
			isa = PBXGroup;
			children = (
				012ECB15215B1B7E00B22CA8 /* PWUUIDManager.h */,
				012ECB16215B1B7E00B22CA8 /* PWUUIDManager.m */,
			);
			path = uuid;
			sourceTree = "<group>";
		};
		01335DA52154874800F773E4 /* Frameworks */ = {
			isa = PBXGroup;
			children = (
				01335DA62154874800F773E4 /* AVFoundation.framework */,
			);
			name = Frameworks;
			sourceTree = "<group>";
		};
		01335DAC2154881D00F773E4 /* musicplayer */ = {
			isa = PBXGroup;
			children = (
				01335DB121548C1600F773E4 /* PWChannelPlayer.h */,
				01335DB221548C1600F773E4 /* PWChannelPlayer.m */,
				01335DB421548C2F00F773E4 /* PWChannelParameters.h */,
				01335DB521548C2F00F773E4 /* PWChannelParameters.m */,
				01335DB721548EAE00F773E4 /* PWChannelState.h */,
				01335DB821548EAE00F773E4 /* PWChannelState.m */,
				01335DBA2154944B00F773E4 /* PWChannelManager.h */,
				01335DBB2154944B00F773E4 /* PWChannelManager.m */,
				0157F74A2160A22600FE4B4E /* PWSynthesisPlayer.h */,
				0157F74B2160A22600FE4B4E /* PWSynthesisPlayer.m */,
			);
			path = musicplayer;
			sourceTree = "<group>";
		};
		01335DBD2154C27000F773E4 /* modules */ = {
			isa = PBXGroup;
			children = (
				0113B18C2182EDDD0095E7C0 /* ticket */,
				0113B1882182EC7C0095E7C0 /* charge */,
				0161C0C6215B8F960041581C /* screen */,
				0161C0C3215B8F580041581C /* system */,
				0113B1912182F8720095E7C0 /* navigation */,
				0161C0C4215B8F7D0041581C /* voiceoutput */,
				0161C0C5215B8F8B0041581C /* audioplayer */,
				0161C0C7215B8FB70041581C /* speakcontroller */,
				0161C0C8215B8FCF0041581C /* voicerecognize */,
				01335DBE2154C35000F773E4 /* PWModuleManager.h */,
				01335DBF2154C35000F773E4 /* PWModuleManager.m */,
				01335DC12154C36000F773E4 /* PWBaseModule.h */,
				01335DC22154C36000F773E4 /* PWBaseModule.m */,
			);
			path = modules;
			sourceTree = "<group>";
		};
		01335DC72154C4BF00F773E4 /* messagequeue */ = {
			isa = PBXGroup;
			children = (
				01335DC82154DB4C00F773E4 /* PWMessageQueue.h */,
				01335DC92154DB4C00F773E4 /* PWMessageQueue.m */,
			);
			path = messagequeue;
			sourceTree = "<group>";
		};
		014538D9214B564F00E792AF = {
			isa = PBXGroup;
			children = (
				014538E4214B564F00E792AF /* PWDCSFramework */,
				014538E3214B564F00E792AF /* Products */,
				01335DA52154874800F773E4 /* Frameworks */,
			);
			sourceTree = "<group>";
		};
		014538E3214B564F00E792AF /* Products */ = {
			isa = PBXGroup;
			children = (
				014538E2214B564F00E792AF /* libPWDCSFramework.a */,
			);
			name = Products;
			sourceTree = "<group>";
		};
		014538E4214B564F00E792AF /* PWDCSFramework */ = {
			isa = PBXGroup;
			children = (
				0157F74D2160AA3800FE4B4E /* sandbox */,
				0161C0BF215B7F750041581C /* constant */,
				012ECB14215B1B6E00B22CA8 /* uuid */,
				01913E392158D14300D0EFF4 /* http */,
				01913E35215888C300D0EFF4 /* framework */,
				01335DC72154C4BF00F773E4 /* messagequeue */,
				01335DBD2154C27000F773E4 /* modules */,
				01335DAC2154881D00F773E4 /* musicplayer */,
				014538E5214B564F00E792AF /* PWDCSFramework.h */,
				014538E6214B564F00E792AF /* PWDCSFramework.m */,
			);
			path = PWDCSFramework;
			sourceTree = "<group>";
		};
		0157F74D2160AA3800FE4B4E /* sandbox */ = {
			isa = PBXGroup;
			children = (
				0157F74E2160AA3800FE4B4E /* PWSandBoxHelper.h */,
				0157F74F2160AA3800FE4B4E /* PWSandBoxHelper.m */,
			);
			path = sandbox;
			sourceTree = "<group>";
		};
		0161C0BF215B7F750041581C /* constant */ = {
			isa = PBXGroup;
			children = (
				01335DAF2154881D00F773E4 /* PWEnum.h */,
				0161C0C0215B7F930041581C /* PWConstants.h */,
				0161C0C1215B7F930041581C /* PWConstants.m */,
			);
			path = constant;
			sourceTree = "<group>";
		};
		0161C0C3215B8F580041581C /* system */ = {
			isa = PBXGroup;
			children = (
				0161C0CC215B902F0041581C /* PWSystemModule.h */,
				0161C0CD215B902F0041581C /* PWSystemModule.m */,
			);
			path = system;
			sourceTree = "<group>";
		};
		0161C0C4215B8F7D0041581C /* voiceoutput */ = {
			isa = PBXGroup;
			children = (
				0157F747216077D000FE4B4E /* PWVoiceOutputModule.h */,
				0157F748216077D000FE4B4E /* PWVoiceOutputModule.m */,
			);
			path = voiceoutput;
			sourceTree = "<group>";
		};
		0161C0C5215B8F8B0041581C /* audioplayer */ = {
			isa = PBXGroup;
			children = (
				0157F744216070DB00FE4B4E /* PWAudioPlayerModule.h */,
				0157F745216070DB00FE4B4E /* PWAudioPlayerModule.m */,
			);
			path = audioplayer;
			sourceTree = "<group>";
		};
		0161C0C6215B8F960041581C /* screen */ = {
			isa = PBXGroup;
			children = (
				0161C0C9215B90170041581C /* PWScreenModule.h */,
				0161C0CA215B90170041581C /* PWScreenModule.m */,
			);
			path = screen;
			sourceTree = "<group>";
		};
		0161C0C7215B8FB70041581C /* speakcontroller */ = {
			isa = PBXGroup;
			children = (
				0161C0CF215B90570041581C /* PWSpeakControllerModule.h */,
				0161C0D0215B90570041581C /* PWSpeakControllerModule.m */,
			);
			path = speakcontroller;
			sourceTree = "<group>";
		};
		0161C0C8215B8FCF0041581C /* voicerecognize */ = {
			isa = PBXGroup;
			children = (
				0161C0D2215B90750041581C /* PWVoiceRecognizeModule.h */,
				0161C0D3215B90750041581C /* PWVoiceRecognizeModule.m */,
			);
			path = voicerecognize;
			sourceTree = "<group>";
		};
		01913E35215888C300D0EFF4 /* framework */ = {
			isa = PBXGroup;
			children = (
				01913E36215888D300D0EFF4 /* PWFramework.h */,
				01913E37215888D300D0EFF4 /* PWFramework.m */,
			);
			path = framework;
			sourceTree = "<group>";
		};
		01913E392158D14300D0EFF4 /* http */ = {
			isa = PBXGroup;
			children = (
				01913E3A2158D15F00D0EFF4 /* PWHttpManager.h */,
				01913E3B2158D15F00D0EFF4 /* PWHttpManager.m */,
				01913E3D2158D87C00D0EFF4 /* PWHTextInputRequest.h */,
				01913E3E2158D87C00D0EFF4 /* PWHTextInputRequest.m */,
				01913E402158D89000D0EFF4 /* PWBTextInputRequest.h */,
				01913E412158D89000D0EFF4 /* PWBTextInputRequest.m */,
			);
			path = http;
			sourceTree = "<group>";
		};
/* End PBXGroup section */

/* Begin PBXNativeTarget section */
		014538E1214B564F00E792AF /* PWDCSFramework */ = {
			isa = PBXNativeTarget;
			buildConfigurationList = 014538EB214B564F00E792AF /* Build configuration list for PBXNativeTarget "PWDCSFramework" */;
			buildPhases = (
				014538DE214B564F00E792AF /* Sources */,
				014538DF214B564F00E792AF /* Frameworks */,
				014538E0214B564F00E792AF /* CopyFiles */,
			);
			buildRules = (
			);
			dependencies = (
			);
			name = PWDCSFramework;
			productName = PWDCSFramework;
			productReference = 014538E2214B564F00E792AF /* libPWDCSFramework.a */;
			productType = "com.apple.product-type.library.static";
		};
/* End PBXNativeTarget section */

/* Begin PBXProject section */
		014538DA214B564F00E792AF /* Project object */ = {
			isa = PBXProject;
			attributes = {
				LastUpgradeCheck = 0940;
				ORGANIZATIONNAME = hisense;
				TargetAttributes = {
					014538E1214B564F00E792AF = {
						CreatedOnToolsVersion = 9.4.1;
					};
				};
			};
			buildConfigurationList = 014538DD214B564F00E792AF /* Build configuration list for PBXProject "PWDCSFramework" */;
			compatibilityVersion = "Xcode 9.3";
			developmentRegion = en;
			hasScannedForEncodings = 0;
			knownRegions = (
				en,
			);
			mainGroup = 014538D9214B564F00E792AF;
			productRefGroup = 014538E3214B564F00E792AF /* Products */;
			projectDirPath = "";
			projectRoot = "";
			targets = (
				014538E1214B564F00E792AF /* PWDCSFramework */,
			);
		};
/* End PBXProject section */

/* Begin PBXSourcesBuildPhase section */
		014538DE214B564F00E792AF /* Sources */ = {
			isa = PBXSourcesBuildPhase;
			buildActionMask = 2147483647;
			files = (
				0157F7502160AF3100FE4B4E /* PWSandBoxHelper.m in Sources */,
				01335DB621548C2F00F773E4 /* PWChannelParameters.m in Sources */,
				0161C0D1215B90570041581C /* PWSpeakControllerModule.m in Sources */,
				01335DCA2154DB4C00F773E4 /* PWMessageQueue.m in Sources */,
				0113B18F2182EDF10095E7C0 /* PWTicketModule.m in Sources */,
				01913E3F2158D87C00D0EFF4 /* PWHTextInputRequest.m in Sources */,
				014538E7214B564F00E792AF /* PWDCSFramework.m in Sources */,
				01335DC02154C35000F773E4 /* PWModuleManager.m in Sources */,
				0161C0D4215B90750041581C /* PWVoiceRecognizeModule.m in Sources */,
				01913E38215888D300D0EFF4 /* PWFramework.m in Sources */,
				0157F749216077D000FE4B4E /* PWVoiceOutputModule.m in Sources */,
				0157F74C2160A22600FE4B4E /* PWSynthesisPlayer.m in Sources */,
				012ECB17215B1B7E00B22CA8 /* PWUUIDManager.m in Sources */,
				01913E3C2158D15F00D0EFF4 /* PWHttpManager.m in Sources */,
				0157F746216070DB00FE4B4E /* PWAudioPlayerModule.m in Sources */,
				01335DC32154C36000F773E4 /* PWBaseModule.m in Sources */,
				01335DB921548EAE00F773E4 /* PWChannelState.m in Sources */,
				0113B18B2182EC900095E7C0 /* PWChargeModule.m in Sources */,
				0113B1942182F8870095E7C0 /* PWNavigationModule.m in Sources */,
				0161C0C2215B7F930041581C /* PWConstants.m in Sources */,
				01335DBC2154944B00F773E4 /* PWChannelManager.m in Sources */,
				01335DB321548C1600F773E4 /* PWChannelPlayer.m in Sources */,
				0161C0CE215B902F0041581C /* PWSystemModule.m in Sources */,
				0161C0CB215B90170041581C /* PWScreenModule.m in Sources */,
				01913E422158D89000D0EFF4 /* PWBTextInputRequest.m in Sources */,
			);
			runOnlyForDeploymentPostprocessing = 0;
		};
/* End PBXSourcesBuildPhase section */

/* Begin XCBuildConfiguration section */
		014538E9214B564F00E792AF /* Debug */ = {
			isa = XCBuildConfiguration;
			buildSettings = {
				ALWAYS_SEARCH_USER_PATHS = NO;
				CLANG_ANALYZER_NONNULL = YES;
				CLANG_ANALYZER_NUMBER_OBJECT_CONVERSION = YES_AGGRESSIVE;
				CLANG_CXX_LANGUAGE_STANDARD = "gnu++14";
				CLANG_CXX_LIBRARY = "libc++";
				CLANG_ENABLE_MODULES = YES;
				CLANG_ENABLE_OBJC_ARC = YES;
				CLANG_ENABLE_OBJC_WEAK = YES;
				CLANG_WARN_BLOCK_CAPTURE_AUTORELEASING = YES;
				CLANG_WARN_BOOL_CONVERSION = YES;
				CLANG_WARN_COMMA = YES;
				CLANG_WARN_CONSTANT_CONVERSION = YES;
				CLANG_WARN_DEPRECATED_OBJC_IMPLEMENTATIONS = YES;
				CLANG_WARN_DIRECT_OBJC_ISA_USAGE = YES_ERROR;
				CLANG_WARN_DOCUMENTATION_COMMENTS = YES;
				CLANG_WARN_EMPTY_BODY = YES;
				CLANG_WARN_ENUM_CONVERSION = YES;
				CLANG_WARN_INFINITE_RECURSION = YES;
				CLANG_WARN_INT_CONVERSION = YES;
				CLANG_WARN_NON_LITERAL_NULL_CONVERSION = YES;
				CLANG_WARN_OBJC_IMPLICIT_RETAIN_SELF = YES;
				CLANG_WARN_OBJC_LITERAL_CONVERSION = YES;
				CLANG_WARN_OBJC_ROOT_CLASS = YES_ERROR;
				CLANG_WARN_RANGE_LOOP_ANALYSIS = YES;
				CLANG_WARN_STRICT_PROTOTYPES = YES;
				CLANG_WARN_SUSPICIOUS_MOVE = YES;
				CLANG_WARN_UNGUARDED_AVAILABILITY = YES_AGGRESSIVE;
				CLANG_WARN_UNREACHABLE_CODE = YES;
				CLANG_WARN__DUPLICATE_METHOD_MATCH = YES;
				CODE_SIGN_IDENTITY = "iPhone Developer";
				COPY_PHASE_STRIP = NO;
				DEBUG_INFORMATION_FORMAT = dwarf;
				ENABLE_STRICT_OBJC_MSGSEND = YES;
				ENABLE_TESTABILITY = YES;
				GCC_C_LANGUAGE_STANDARD = gnu11;
				GCC_DYNAMIC_NO_PIC = NO;
				GCC_NO_COMMON_BLOCKS = YES;
				GCC_OPTIMIZATION_LEVEL = 0;
				GCC_PREPROCESSOR_DEFINITIONS = (
					"DEBUG=1",
					"$(inherited)",
				);
				GCC_WARN_64_TO_32_BIT_CONVERSION = YES;
				GCC_WARN_ABOUT_RETURN_TYPE = YES_ERROR;
				GCC_WARN_UNDECLARED_SELECTOR = YES;
				GCC_WARN_UNINITIALIZED_AUTOS = YES_AGGRESSIVE;
				GCC_WARN_UNUSED_FUNCTION = YES;
				GCC_WARN_UNUSED_VARIABLE = YES;
				IPHONEOS_DEPLOYMENT_TARGET = 8.0;
				MTL_ENABLE_DEBUG_INFO = YES;
				ONLY_ACTIVE_ARCH = YES;
				SDKROOT = iphoneos;
			};
			name = Debug;
		};
		014538EA214B564F00E792AF /* Release */ = {
			isa = XCBuildConfiguration;
			buildSettings = {
				ALWAYS_SEARCH_USER_PATHS = NO;
				CLANG_ANALYZER_NONNULL = YES;
				CLANG_ANALYZER_NUMBER_OBJECT_CONVERSION = YES_AGGRESSIVE;
				CLANG_CXX_LANGUAGE_STANDARD = "gnu++14";
				CLANG_CXX_LIBRARY = "libc++";
				CLANG_ENABLE_MODULES = YES;
				CLANG_ENABLE_OBJC_ARC = YES;
				CLANG_ENABLE_OBJC_WEAK = YES;
				CLANG_WARN_BLOCK_CAPTURE_AUTORELEASING = YES;
				CLANG_WARN_BOOL_CONVERSION = YES;
				CLANG_WARN_COMMA = YES;
				CLANG_WARN_CONSTANT_CONVERSION = YES;
				CLANG_WARN_DEPRECATED_OBJC_IMPLEMENTATIONS = YES;
				CLANG_WARN_DIRECT_OBJC_ISA_USAGE = YES_ERROR;
				CLANG_WARN_DOCUMENTATION_COMMENTS = YES;
				CLANG_WARN_EMPTY_BODY = YES;
				CLANG_WARN_ENUM_CONVERSION = YES;
				CLANG_WARN_INFINITE_RECURSION = YES;
				CLANG_WARN_INT_CONVERSION = YES;
				CLANG_WARN_NON_LITERAL_NULL_CONVERSION = YES;
				CLANG_WARN_OBJC_IMPLICIT_RETAIN_SELF = YES;
				CLANG_WARN_OBJC_LITERAL_CONVERSION = YES;
				CLANG_WARN_OBJC_ROOT_CLASS = YES_ERROR;
				CLANG_WARN_RANGE_LOOP_ANALYSIS = YES;
				CLANG_WARN_STRICT_PROTOTYPES = YES;
				CLANG_WARN_SUSPICIOUS_MOVE = YES;
				CLANG_WARN_UNGUARDED_AVAILABILITY = YES_AGGRESSIVE;
				CLANG_WARN_UNREACHABLE_CODE = YES;
				CLANG_WARN__DUPLICATE_METHOD_MATCH = YES;
				CODE_SIGN_IDENTITY = "iPhone Developer";
				COPY_PHASE_STRIP = NO;
				DEBUG_INFORMATION_FORMAT = "dwarf-with-dsym";
				ENABLE_NS_ASSERTIONS = NO;
				ENABLE_STRICT_OBJC_MSGSEND = YES;
				GCC_C_LANGUAGE_STANDARD = gnu11;
				GCC_NO_COMMON_BLOCKS = YES;
				GCC_WARN_64_TO_32_BIT_CONVERSION = YES;
				GCC_WARN_ABOUT_RETURN_TYPE = YES_ERROR;
				GCC_WARN_UNDECLARED_SELECTOR = YES;
				GCC_WARN_UNINITIALIZED_AUTOS = YES_AGGRESSIVE;
				GCC_WARN_UNUSED_FUNCTION = YES;
				GCC_WARN_UNUSED_VARIABLE = YES;
				IPHONEOS_DEPLOYMENT_TARGET = 8.0;
				MTL_ENABLE_DEBUG_INFO = NO;
				SDKROOT = iphoneos;
				VALIDATE_PRODUCT = YES;
			};
			name = Release;
		};
		014538EC214B564F00E792AF /* Debug */ = {
			isa = XCBuildConfiguration;
			buildSettings = {
				CODE_SIGN_STYLE = Automatic;
				HEADER_SEARCH_PATHS = (
					"$(inherited)",
					/Applications/Xcode.app/Contents/Developer/Toolchains/XcodeDefault.xctoolchain/usr/include,
					"$(SRCROOT)/../../../React/**",
					"$(SRCROOT)/../../react-native/React/**",
				);
				OTHER_LDFLAGS = "-ObjC";
				PRODUCT_NAME = "$(TARGET_NAME)";
				SKIP_INSTALL = YES;
				TARGETED_DEVICE_FAMILY = "1,2";
			};
			name = Debug;
		};
		014538ED214B564F00E792AF /* Release */ = {
			isa = XCBuildConfiguration;
			buildSettings = {
				CODE_SIGN_STYLE = Automatic;
				HEADER_SEARCH_PATHS = (
					"$(inherited)",
					/Applications/Xcode.app/Contents/Developer/Toolchains/XcodeDefault.xctoolchain/usr/include,
					"$(SRCROOT)/../../../React/**",
					"$(SRCROOT)/../../react-native/React/**",
				);
				OTHER_LDFLAGS = "-ObjC";
				PRODUCT_NAME = "$(TARGET_NAME)";
				SKIP_INSTALL = YES;
				TARGETED_DEVICE_FAMILY = "1,2";
			};
			name = Release;
		};
/* End XCBuildConfiguration section */

/* Begin XCConfigurationList section */
		014538DD214B564F00E792AF /* Build configuration list for PBXProject "PWDCSFramework" */ = {
			isa = XCConfigurationList;
			buildConfigurations = (
				014538E9214B564F00E792AF /* Debug */,
				014538EA214B564F00E792AF /* Release */,
			);
			defaultConfigurationIsVisible = 0;
			defaultConfigurationName = Release;
		};
		014538EB214B564F00E792AF /* Build configuration list for PBXNativeTarget "PWDCSFramework" */ = {
			isa = XCConfigurationList;
			buildConfigurations = (
				014538EC214B564F00E792AF /* Debug */,
				014538ED214B564F00E792AF /* Release */,
			);
			defaultConfigurationIsVisible = 0;
			defaultConfigurationName = Release;
		};
/* End XCConfigurationList section */
	};
	rootObject = 014538DA214B564F00E792AF /* Project object */;
}
